// !$*UTF8*$!
{
	archiveVersion = 1;
	classes = {
	};
	objectVersion = 46;
	objects = {

/* Begin PBXBuildFile section */
		48D45D691BB065CB001411D5 /* AppDelegate.swift in Sources */ = {isa = PBXBuildFile; fileRef = 48D45D681BB065CB001411D5 /* AppDelegate.swift */; };
		48D45D6B1BB065CB001411D5 /* ViewController.swift in Sources */ = {isa = PBXBuildFile; fileRef = 48D45D6A1BB065CB001411D5 /* ViewController.swift */; };
		48D45D6E1BB065CB001411D5 /* Main.storyboard in Resources */ = {isa = PBXBuildFile; fileRef = 48D45D6C1BB065CB001411D5 /* Main.storyboard */; };
		48D45D701BB065CB001411D5 /* Assets.xcassets in Resources */ = {isa = PBXBuildFile; fileRef = 48D45D6F1BB065CB001411D5 /* Assets.xcassets */; };
		48D45D731BB065CB001411D5 /* LaunchScreen.storyboard in Resources */ = {isa = PBXBuildFile; fileRef = 48D45D711BB065CB001411D5 /* LaunchScreen.storyboard */; };
		48D45D7E1BB065CB001411D5 /* TipCalculatorTests.swift in Sources */ = {isa = PBXBuildFile; fileRef = 48D45D7D1BB065CB001411D5 /* TipCalculatorTests.swift */; };
		48D45D891BB065CB001411D5 /* TipCalculatorUITests.swift in Sources */ = {isa = PBXBuildFile; fileRef = 48D45D881BB065CB001411D5 /* TipCalculatorUITests.swift */; };
		48D45D991BB0755F001411D5 /* SettingsViewController.swift in Sources */ = {isa = PBXBuildFile; fileRef = 48D45D981BB0755F001411D5 /* SettingsViewController.swift */; settings = {ASSET_TAGS = (); }; };
/* End PBXBuildFile section */

/* Begin PBXContainerItemProxy section */
		48D45D7A1BB065CB001411D5 /* PBXContainerItemProxy */ = {
			isa = PBXContainerItemProxy;
			containerPortal = 48D45D5D1BB065CB001411D5 /* Project object */;
			proxyType = 1;
			remoteGlobalIDString = 48D45D641BB065CB001411D5;
			remoteInfo = TipCalculator;
		};
		48D45D851BB065CB001411D5 /* PBXContainerItemProxy */ = {
			isa = PBXContainerItemProxy;
			containerPortal = 48D45D5D1BB065CB001411D5 /* Project object */;
			proxyType = 1;
			remoteGlobalIDString = 48D45D641BB065CB001411D5;
			remoteInfo = TipCalculator;
		};
/* End PBXContainerItemProxy section */

/* Begin PBXFileReference section */
		48D45D651BB065CB001411D5 /* TipCalculator.app */ = {isa = PBXFileReference; explicitFileType = wrapper.application; includeInIndex = 0; path = TipCalculator.app; sourceTree = BUILT_PRODUCTS_DIR; };
		48D45D681BB065CB001411D5 /* AppDelegate.swift */ = {isa = PBXFileReference; lastKnownFileType = sourcecode.swift; path = AppDelegate.swift; sourceTree = "<group>"; };
		48D45D6A1BB065CB001411D5 /* ViewController.swift */ = {isa = PBXFileReference; lastKnownFileType = sourcecode.swift; path = ViewController.swift; sourceTree = "<group>"; };
		48D45D6D1BB065CB001411D5 /* Base */ = {isa = PBXFileReference; lastKnownFileType = file.storyboard; name = Base; path = Base.lproj/Main.storyboard; sourceTree = "<group>"; };
		48D45D6F1BB065CB001411D5 /* Assets.xcassets */ = {isa = PBXFileReference; lastKnownFileType = folder.assetcatalog; path = Assets.xcassets; sourceTree = "<group>"; };
		48D45D721BB065CB001411D5 /* Base */ = {isa = PBXFileReference; lastKnownFileType = file.storyboard; name = Base; path = Base.lproj/LaunchScreen.storyboard; sourceTree = "<group>"; };
		48D45D741BB065CB001411D5 /* Info.plist */ = {isa = PBXFileReference; lastKnownFileType = text.plist.xml; path = Info.plist; sourceTree = "<group>"; };
		48D45D791BB065CB001411D5 /* TipCalculatorTests.xctest */ = {isa = PBXFileReference; explicitFileType = wrapper.cfbundle; includeInIndex = 0; path = TipCalculatorTests.xctest; sourceTree = BUILT_PRODUCTS_DIR; };
		48D45D7D1BB065CB001411D5 /* TipCalculatorTests.swift */ = {isa = PBXFileReference; lastKnownFileType = sourcecode.swift; path = TipCalculatorTests.swift; sourceTree = "<group>"; };
		48D45D7F1BB065CB001411D5 /* Info.plist */ = {isa = PBXFileReference; lastKnownFileType = text.plist.xml; path = Info.plist; sourceTree = "<group>"; };
		48D45D841BB065CB001411D5 /* TipCalculatorUITests.xctest */ = {isa = PBXFileReference; explicitFileType = wrapper.cfbundle; includeInIndex = 0; path = TipCalculatorUITests.xctest; sourceTree = BUILT_PRODUCTS_DIR; };
		48D45D881BB065CB001411D5 /* TipCalculatorUITests.swift */ = {isa = PBXFileReference; lastKnownFileType = sourcecode.swift; path = TipCalculatorUITests.swift; sourceTree = "<group>"; };
		48D45D8A1BB065CB001411D5 /* Info.plist */ = {isa = PBXFileReference; lastKnownFileType = text.plist.xml; path = Info.plist; sourceTree = "<group>"; };
		48D45D981BB0755F001411D5 /* SettingsViewController.swift */ = {isa = PBXFileReference; fileEncoding = 4; lastKnownFileType = sourcecode.swift; path = SettingsViewController.swift; sourceTree = "<group>"; };
/* End PBXFileReference section */

/* Begin PBXFrameworksBuildPhase section */
		48D45D621BB065CB001411D5 /* Frameworks */ = {
			isa = PBXFrameworksBuildPhase;
			buildActionMask = 2147483647;
			files = (
			);
			runOnlyForDeploymentPostprocessing = 0;
		};
		48D45D761BB065CB001411D5 /* Frameworks */ = {
			isa = PBXFrameworksBuildPhase;
			buildActionMask = 2147483647;
			files = (
			);
			runOnlyForDeploymentPostprocessing = 0;
		};
		48D45D811BB065CB001411D5 /* Frameworks */ = {
			isa = PBXFrameworksBuildPhase;
			buildActionMask = 2147483647;
			files = (
			);
			runOnlyForDeploymentPostprocessing = 0;
		};
/* End PBXFrameworksBuildPhase section */

/* Begin PBXGroup section */
		48D45D5C1BB065CB001411D5 = {
			isa = PBXGroup;
			children = (
				48D45D671BB065CB001411D5 /* TipCalculator */,
				48D45D7C1BB065CB001411D5 /* TipCalculatorTests */,
				48D45D871BB065CB001411D5 /* TipCalculatorUITests */,
				48D45D661BB065CB001411D5 /* Products */,
			);
			sourceTree = "<group>";
		};
		48D45D661BB065CB001411D5 /* Products */ = {
			isa = PBXGroup;
			children = (
				48D45D651BB065CB001411D5 /* TipCalculator.app */,
				48D45D791BB065CB001411D5 /* TipCalculatorTests.xctest */,
				48D45D841BB065CB001411D5 /* TipCalculatorUITests.xctest */,
			);
			name = Products;
			sourceTree = "<group>";
		};
		48D45D671BB065CB001411D5 /* TipCalculator */ = {
			isa = PBXGroup;
			children = (
				48D45D681BB065CB001411D5 /* AppDelegate.swift */,
				48D45D6A1BB065CB001411D5 /* ViewController.swift */,
				48D45D6C1BB065CB001411D5 /* Main.storyboard */,
				48D45D6F1BB065CB001411D5 /* Assets.xcassets */,
				48D45D711BB065CB001411D5 /* LaunchScreen.storyboard */,
				48D45D741BB065CB001411D5 /* Info.plist */,
				48D45D981BB0755F001411D5 /* SettingsViewController.swift */,
			);
			path = TipCalculator;
			sourceTree = "<group>";
		};
		48D45D7C1BB065CB001411D5 /* TipCalculatorTests */ = {
			isa = PBXGroup;
			children = (
				48D45D7D1BB065CB001411D5 /* TipCalculatorTests.swift */,
				48D45D7F1BB065CB001411D5 /* Info.plist */,
			);
			path = TipCalculatorTests;
			sourceTree = "<group>";
		};
		48D45D871BB065CB001411D5 /* TipCalculatorUITests */ = {
			isa = PBXGroup;
			children = (
				48D45D881BB065CB001411D5 /* TipCalculatorUITests.swift */,
				48D45D8A1BB065CB001411D5 /* Info.plist */,
			);
			path = TipCalculatorUITests;
			sourceTree = "<group>";
		};
/* End PBXGroup section */

/* Begin PBXNativeTarget section */
		48D45D641BB065CB001411D5 /* TipCalculator */ = {
			isa = PBXNativeTarget;
			buildConfigurationList = 48D45D8D1BB065CB001411D5 /* Build configuration list for PBXNativeTarget "TipCalculator" */;
			buildPhases = (
				48D45D611BB065CB001411D5 /* Sources */,
				48D45D621BB065CB001411D5 /* Frameworks */,
				48D45D631BB065CB001411D5 /* Resources */,
			);
			buildRules = (
			);
			dependencies = (
			);
			name = TipCalculator;
			productName = TipCalculator;
			productReference = 48D45D651BB065CB001411D5 /* TipCalculator.app */;
			productType = "com.apple.product-type.application";
		};
		48D45D781BB065CB001411D5 /* TipCalculatorTests */ = {
			isa = PBXNativeTarget;
			buildConfigurationList = 48D45D901BB065CB001411D5 /* Build configuration list for PBXNativeTarget "TipCalculatorTests" */;
			buildPhases = (
				48D45D751BB065CB001411D5 /* Sources */,
				48D45D761BB065CB001411D5 /* Frameworks */,
				48D45D771BB065CB001411D5 /* Resources */,
			);
			buildRules = (
			);
			dependencies = (
				48D45D7B1BB065CB001411D5 /* PBXTargetDependency */,
			);
			name = TipCalculatorTests;
			productName = TipCalculatorTests;
			productReference = 48D45D791BB065CB001411D5 /* TipCalculatorTests.xctest */;
			productType = "com.apple.product-type.bundle.unit-test";
		};
		48D45D831BB065CB001411D5 /* TipCalculatorUITests */ = {
			isa = PBXNativeTarget;
			buildConfigurationList = 48D45D931BB065CB001411D5 /* Build configuration list for PBXNativeTarget "TipCalculatorUITests" */;
			buildPhases = (
				48D45D801BB065CB001411D5 /* Sources */,
				48D45D811BB065CB001411D5 /* Frameworks */,
				48D45D821BB065CB001411D5 /* Resources */,
			);
			buildRules = (
			);
			dependencies = (
				48D45D861BB065CB001411D5 /* PBXTargetDependency */,
			);
			name = TipCalculatorUITests;
			productName = TipCalculatorUITests;
			productReference = 48D45D841BB065CB001411D5 /* TipCalculatorUITests.xctest */;
			productType = "com.apple.product-type.bundle.ui-testing";
		};
/* End PBXNativeTarget section */

/* Begin PBXProject section */
		48D45D5D1BB065CB001411D5 /* Project object */ = {
			isa = PBXProject;
			attributes = {
				LastUpgradeCheck = 0700;
				ORGANIZATIONNAME = "christian pichardo";
				TargetAttributes = {
					48D45D641BB065CB001411D5 = {
						CreatedOnToolsVersion = 7.0;
					};
					48D45D781BB065CB001411D5 = {
						CreatedOnToolsVersion = 7.0;
						TestTargetID = 48D45D641BB065CB001411D5;
					};
					48D45D831BB065CB001411D5 = {
						CreatedOnToolsVersion = 7.0;
						TestTargetID = 48D45D641BB065CB001411D5;
					};
				};
			};
			buildConfigurationList = 48D45D601BB065CB001411D5 /* Build configuration list for PBXProject "TipCalculator" */;
			compatibilityVersion = "Xcode 3.2";
			developmentRegion = English;
			hasScannedForEncodings = 0;
			knownRegions = (
				en,
				Base,
			);
			mainGroup = 48D45D5C1BB065CB001411D5;
			productRefGroup = 48D45D661BB065CB001411D5 /* Products */;
			projectDirPath = "";
			projectRoot = "";
			targets = (
				48D45D641BB065CB001411D5 /* TipCalculator */,
				48D45D781BB065CB001411D5 /* TipCalculatorTests */,
				48D45D831BB065CB001411D5 /* TipCalculatorUITests */,
			);
		};
/* End PBXProject section */

/* Begin PBXResourcesBuildPhase section */
		48D45D631BB065CB001411D5 /* Resources */ = {
			isa = PBXResourcesBuildPhase;
			buildActionMask = 2147483647;
			files = (
				48D45D731BB065CB001411D5 /* LaunchScreen.storyboard in Resources */,
				48D45D701BB065CB001411D5 /* Assets.xcassets in Resources */,
				48D45D6E1BB065CB001411D5 /* Main.storyboard in Resources */,
			);
			runOnlyForDeploymentPostprocessing = 0;
		};
		48D45D771BB065CB001411D5 /* Resources */ = {
			isa = PBXResourcesBuildPhase;
			buildActionMask = 2147483647;
			files = (
			);
			runOnlyForDeploymentPostprocessing = 0;
		};
		48D45D821BB065CB001411D5 /* Resources */ = {
			isa = PBXResourcesBuildPhase;
			buildActionMask = 2147483647;
			files = (
			);
			runOnlyForDeploymentPostprocessing = 0;
		};
/* End PBXResourcesBuildPhase section */

/* Begin PBXSourcesBuildPhase section */
		48D45D611BB065CB001411D5 /* Sources */ = {
			isa = PBXSourcesBuildPhase;
			buildActionMask = 2147483647;
			files = (
				48D45D6B1BB065CB001411D5 /* ViewController.swift in Sources */,
				48D45D691BB065CB001411D5 /* AppDelegate.swift in Sources */,
				48D45D991BB0755F001411D5 /* SettingsViewController.swift in Sources */,
			);
			runOnlyForDeploymentPostprocessing = 0;
		};
		48D45D751BB065CB001411D5 /* Sources */ = {
			isa = PBXSourcesBuildPhase;
			buildActionMask = 2147483647;
			files = (
				48D45D7E1BB065CB001411D5 /* TipCalculatorTests.swift in Sources */,
			);
			runOnlyForDeploymentPostprocessing = 0;
		};
		48D45D801BB065CB001411D5 /* Sources */ = {
			isa = PBXSourcesBuildPhase;
			buildActionMask = 2147483647;
			files = (
				48D45D891BB065CB001411D5 /* TipCalculatorUITests.swift in Sources */,
			);
			runOnlyForDeploymentPostprocessing = 0;
		};
/* End PBXSourcesBuildPhase section */

/* Begin PBXTargetDependency section */
		48D45D7B1BB065CB001411D5 /* PBXTargetDependency */ = {
			isa = PBXTargetDependency;
			target = 48D45D641BB065CB001411D5 /* TipCalculator */;
			targetProxy = 48D45D7A1BB065CB001411D5 /* PBXContainerItemProxy */;
		};
		48D45D861BB065CB001411D5 /* PBXTargetDependency */ = {
			isa = PBXTargetDependency;
			target = 48D45D641BB065CB001411D5 /* TipCalculator */;
			targetProxy = 48D45D851BB065CB001411D5 /* PBXContainerItemProxy */;
		};
/* End PBXTargetDependency section */

/* Begin PBXVariantGroup section */
		48D45D6C1BB065CB001411D5 /* Main.storyboard */ = {
			isa = PBXVariantGroup;
			children = (
				48D45D6D1BB065CB001411D5 /* Base */,
			);
			name = Main.storyboard;
			sourceTree = "<group>";
		};
		48D45D711BB065CB001411D5 /* LaunchScreen.storyboard */ = {
			isa = PBXVariantGroup;
			children = (
				48D45D721BB065CB001411D5 /* Base */,
			);
			name = LaunchScreen.storyboard;
			sourceTree = "<group>";
		};
/* End PBXVariantGroup section */

/* Begin XCBuildConfiguration section */
		48D45D8B1BB065CB001411D5 /* Debug */ = {
			isa = XCBuildConfiguration;
			buildSettings = {
				ALWAYS_SEARCH_USER_PATHS = NO;
				CLANG_CXX_LANGUAGE_STANDARD = "gnu++0x";
				CLANG_CXX_LIBRARY = "libc++";
				CLANG_ENABLE_MODULES = YES;
				CLANG_ENABLE_OBJC_ARC = YES;
				CLANG_WARN_BOOL_CONVERSION = YES;
				CLANG_WARN_CONSTANT_CONVERSION = YES;
				CLANG_WARN_DIRECT_OBJC_ISA_USAGE = YES_ERROR;
				CLANG_WARN_EMPTY_BODY = YES;
				CLANG_WARN_ENUM_CONVERSION = YES;
				CLANG_WARN_INT_CONVERSION = YES;
				CLANG_WARN_OBJC_ROOT_CLASS = YES_ERROR;
				CLANG_WARN_UNREACHABLE_CODE = YES;
				CLANG_WARN__DUPLICATE_METHOD_MATCH = YES;
				"CODE_SIGN_IDENTITY[sdk=iphoneos*]" = "iPhone Developer";
				COPY_PHASE_STRIP = NO;
				DEBUG_INFORMATION_FORMAT = dwarf;
				ENABLE_STRICT_OBJC_MSGSEND = YES;
				ENABLE_TESTABILITY = YES;
				GCC_C_LANGUAGE_STANDARD = gnu99;
				GCC_DYNAMIC_NO_PIC = NO;
				GCC_NO_COMMON_BLOCKS = YES;
				GCC_OPTIMIZATION_LEVEL = 0;
				GCC_PREPROCESSOR_DEFINITIONS = (
					"DEBUG=1",
					"$(inherited)",
				);
				GCC_WARN_64_TO_32_BIT_CONVERSION = YES;
				GCC_WARN_ABOUT_RETURN_TYPE = YES_ERROR;
				GCC_WARN_UNDECLARED_SELECTOR = YES;
				GCC_WARN_UNINITIALIZED_AUTOS = YES_AGGRESSIVE;
				GCC_WARN_UNUSED_FUNCTION = YES;
				GCC_WARN_UNUSED_VARIABLE = YES;
				IPHONEOS_DEPLOYMENT_TARGET = 9.0;
				MTL_ENABLE_DEBUG_INFO = YES;
				ONLY_ACTIVE_ARCH = YES;
				SDKROOT = iphoneos;
				SWIFT_OPTIMIZATION_LEVEL = "-Onone";
			};
			name = Debug;
		};
		48D45D8C1BB065CB001411D5 /* Release */ = {
			isa = XCBuildConfiguration;
			buildSettings = {
				ALWAYS_SEARCH_USER_PATHS = NO;
				CLANG_CXX_LANGUAGE_STANDARD = "gnu++0x";
				CLANG_CXX_LIBRARY = "libc++";
				CLANG_ENABLE_MODULES = YES;
				CLANG_ENABLE_OBJC_ARC = YES;
				CLANG_WARN_BOOL_CONVERSION = YES;
				CLANG_WARN_CONSTANT_CONVERSION = YES;
				CLANG_WARN_DIRECT_OBJC_ISA_USAGE = YES_ERROR;
				CLANG_WARN_EMPTY_BODY = YES;
				CLANG_WARN_ENUM_CONVERSION = YES;
				CLANG_WARN_INT_CONVERSION = YES;
				CLANG_WARN_OBJC_ROOT_CLASS = YES_ERROR;
				CLANG_WARN_UNREACHABLE_CODE = YES;
				CLANG_WARN__DUPLICATE_METHOD_MATCH = YES;
				"CODE_SIGN_IDENTITY[sdk=iphoneos*]" = "iPhone Developer";
				COPY_PHASE_STRIP = NO;
				DEBUG_INFORMATION_FORMAT = "dwarf-with-dsym";
				ENABLE_NS_ASSERTIONS = NO;
				ENABLE_STRICT_OBJC_MSGSEND = YES;
				GCC_C_LANGUAGE_STANDARD = gnu99;
				GCC_NO_COMMON_BLOCKS = YES;
				GCC_WARN_64_TO_32_BIT_CONVERSION = YES;
				GCC_WARN_ABOUT_RETURN_TYPE = YES_ERROR;
				GCC_WARN_UNDECLARED_SELECTOR = YES;
				GCC_WARN_UNINITIALIZED_AUTOS = YES_AGGRESSIVE;
				GCC_WARN_UNUSED_FUNCTION = YES;
				GCC_WARN_UNUSED_VARIABLE = YES;
				IPHONEOS_DEPLOYMENT_TARGET = 9.0;
				MTL_ENABLE_DEBUG_INFO = NO;
				SDKROOT = iphoneos;
				VALIDATE_PRODUCT = YES;
			};
			name = Release;
		};
		48D45D8E1BB065CB001411D5 /* Debug */ = {
			isa = XCBuildConfiguration;
			buildSettings = {
				ASSETCATALOG_COMPILER_APPICON_NAME = AppIcon;
				INFOPLIST_FILE = TipCalculator/Info.plist;
				LD_RUNPATH_SEARCH_PATHS = "$(inherited) @executable_path/Frameworks";
				PRODUCT_BUNDLE_IDENTIFIER = CPM.TipCalculator;
				PRODUCT_NAME = "$(TARGET_NAME)";
			};
			name = Debug;
		};
		48D45D8F1BB065CB001411D5 /* Release */ = {
			isa = XCBuildConfiguration;
			buildSettings = {
				ASSETCATALOG_COMPILER_APPICON_NAME = AppIcon;
				INFOPLIST_FILE = TipCalculator/Info.plist;
				LD_RUNPATH_SEARCH_PATHS = "$(inherited) @executable_path/Frameworks";
				PRODUCT_BUNDLE_IDENTIFIER = CPM.TipCalculator;
				PRODUCT_NAME = "$(TARGET_NAME)";
			};
			name = Release;
		};
		48D45D911BB065CB001411D5 /* Debug */ = {
			isa = XCBuildConfiguration;
			buildSettings = {
				BUNDLE_LOADER = "$(TEST_HOST)";
				INFOPLIST_FILE = TipCalculatorTests/Info.plist;
				LD_RUNPATH_SEARCH_PATHS = "$(inherited) @executable_path/Frameworks @loader_path/Frameworks";
				PRODUCT_BUNDLE_IDENTIFIER = CPM.TipCalculatorTests;
				PRODUCT_NAME = "$(TARGET_NAME)";
				TEST_HOST = "$(BUILT_PRODUCTS_DIR)/TipCalculator.app/TipCalculator";
			};
			name = Debug;
		};
		48D45D921BB065CB001411D5 /* Release */ = {
			isa = XCBuildConfiguration;
			buildSettings = {
				BUNDLE_LOADER = "$(TEST_HOST)";
				INFOPLIST_FILE = TipCalculatorTests/Info.plist;
				LD_RUNPATH_SEARCH_PATHS = "$(inherited) @executable_path/Frameworks @loader_path/Frameworks";
				PRODUCT_BUNDLE_IDENTIFIER = CPM.TipCalculatorTests;
				PRODUCT_NAME = "$(TARGET_NAME)";
				TEST_HOST = "$(BUILT_PRODUCTS_DIR)/TipCalculator.app/TipCalculator";
			};
			name = Release;
		};
		48D45D941BB065CB001411D5 /* Debug */ = {
			isa = XCBuildConfiguration;
			buildSettings = {
				INFOPLIST_FILE = TipCalculatorUITests/Info.plist;
				LD_RUNPATH_SEARCH_PATHS = "$(inherited) @executable_path/Frameworks @loader_path/Frameworks";
				PRODUCT_BUNDLE_IDENTIFIER = CPM.TipCalculatorUITests;
				PRODUCT_NAME = "$(TARGET_NAME)";
				TEST_TARGET_NAME = TipCalculator;
				USES_XCTRUNNER = YES;
			};
			name = Debug;
		};
		48D45D951BB065CB001411D5 /* Release */ = {
			isa = XCBuildConfiguration;
			buildSettings = {
				INFOPLIST_FILE = TipCalculatorUITests/Info.plist;
				LD_RUNPATH_SEARCH_PATHS = "$(inherited) @executable_path/Frameworks @loader_path/Frameworks";
				PRODUCT_BUNDLE_IDENTIFIER = CPM.TipCalculatorUITests;
				PRODUCT_NAME = "$(TARGET_NAME)";
				TEST_TARGET_NAME = TipCalculator;
				USES_XCTRUNNER = YES;
			};
			name = Release;
		};
/* End XCBuildConfiguration section */

/* Begin XCConfigurationList section */
		48D45D601BB065CB001411D5 /* Build configuration list for PBXProject "TipCalculator" */ = {
			isa = XCConfigurationList;
			buildConfigurations = (
				48D45D8B1BB065CB001411D5 /* Debug */,
				48D45D8C1BB065CB001411D5 /* Release */,
			);
			defaultConfigurationIsVisible = 0;
			defaultConfigurationName = Release;
		};
		48D45D8D1BB065CB001411D5 /* Build configuration list for PBXNativeTarget "TipCalculator" */ = {
			isa = XCConfigurationList;
			buildConfigurations = (
				48D45D8E1BB065CB001411D5 /* Debug */,
				48D45D8F1BB065CB001411D5 /* Release */,
			);
			defaultConfigurationIsVisible = 0;
		};
		48D45D901BB065CB001411D5 /* Build configuration list for PBXNativeTarget "TipCalculatorTests" */ = {
			isa = XCConfigurationList;
			buildConfigurations = (
				48D45D911BB065CB001411D5 /* Debug */,
				48D45D921BB065CB001411D5 /* Release */,
			);
			defaultConfigurationIsVisible = 0;
		};
		48D45D931BB065CB001411D5 /* Build configuration list for PBXNativeTarget "TipCalculatorUITests" */ = {
			isa = XCConfigurationList;
			buildConfigurations = (
				48D45D941BB065CB001411D5 /* Debug */,
				48D45D951BB065CB001411D5 /* Release */,
			);
			defaultConfigurationIsVisible = 0;
		};
/* End XCConfigurationList section */
	};
	rootObject = 48D45D5D1BB065CB001411D5 /* Project object */;
}
